
Microsoft Visual Studio Solution File, Format Version 11.00
# Visual Studio 2010
Project("{2150E333-8FDC-42A3-9474-1A3956D46DE8}") = "Web", "Web", "{3C0DE4D3-6132-4F1F-924B-90F61481854F}"
EndProject
Project("{2150E333-8FDC-42A3-9474-1A3956D46DE8}") = "Database", "Database", "{DB0F19B0-8FA6-46CD-A37C-04AD717CCB37}"
EndProject
Project("{2150E333-8FDC-42A3-9474-1A3956D46DE8}") = "Model", "Model", "{D6D84F62-DAB7-4D09-8A58-BDA730FCF498}"
EndProject
Project("{2150E333-8FDC-42A3-9474-1A3956D46DE8}") = "Business", "Business", "{6CF02858-4F6E-4F90-BA3D-DD19EA19C9E1}"
EndProject
Project("{F088123C-0E9E-452A-89E6-6BA2F21D5CAC}") = "JobZoom.Models", "Models\JobZoom.Models.modelproj", "{D3968FF6-D396-4F6A-9159-933CDB67D28C}"
EndProject
Project("{CC5FD16D-436D-48AD-A40C-5A424C6E3E79}") = "Cloud", "Cloud\Cloud.ccproj", "{B761DE66-D63C-41EA-B6B2-000D63C8453D}"
EndProject
Project("{FAE04EC0-301F-11D3-BF4B-00C04F79EFBC}") = "JobZoom.Web", "Web\JobZoom.Web.csproj", "{364A4151-7636-4912-B73B-95594D86A56F}"
EndProject
Project("{2150E333-8FDC-42A3-9474-1A3956D46DE8}") = "Services", "Services", "{B22201A9-BF3C-472C-A97F-21F3225223AE}"
EndProject
Project("{FAE04EC0-301F-11D3-BF4B-00C04F79EFBC}") = "JobZoom.Business.Entities", "Business\JobZoom.Business.Entities\JobZoom.Business.Entities.csproj", "{BE6D6375-F8CC-4BA4-86F0-3FEC263B7E12}"
EndProject
Project("{C8D11400-126E-41CD-887F-60BD40844F9E}") = "JobZoom.Database", "Database\JobZoom.Database.dbproj", "{67CBC824-A49E-4E9B-A947-360F3DFE65C3}"
EndProject
Project("{2150E333-8FDC-42A3-9474-1A3956D46DE8}") = "Core", "Core", "{AB6132DC-2051-43F1-B7D2-017EF1EA00E9}"
EndProject
Project("{FAE04EC0-301F-11D3-BF4B-00C04F79EFBC}") = "JobZoom.Core", "Core\JobZoom.Core.csproj", "{6A0DD250-D2B5-49AA-B6D7-3A8714FEFCA0}"
EndProject
Project("{FAE04EC0-301F-11D3-BF4B-00C04F79EFBC}") = "Matching", "Matching\Matching\Matching.csproj", "{F3B55378-3ED6-4E89-A76E-D71F01C8FFD4}"
EndProject
Project("{FAE04EC0-301F-11D3-BF4B-00C04F79EFBC}") = "TestFramework.Console", "TestFramework.Console\TestFramework.Console.csproj", "{82C9E700-7087-4FD1-AA7D-0BD9C11B7E10}"
EndProject
Project("{FAE04EC0-301F-11D3-BF4B-00C04F79EFBC}") = "TestFramework.Web", "TestFramework.Web\TestFramework.Web.csproj", "{577F5A96-297F-4F23-8B82-DE4CBA349CB8}"
EndProject
Global
	GlobalSection(SolutionConfigurationPlatforms) = preSolution
		Debug|Any CPU = Debug|Any CPU
		Debug|Mixed Platforms = Debug|Mixed Platforms
		Debug|x86 = Debug|x86
		Release|Any CPU = Release|Any CPU
		Release|Mixed Platforms = Release|Mixed Platforms
		Release|x86 = Release|x86
	EndGlobalSection
	GlobalSection(ProjectConfigurationPlatforms) = postSolution
		{D3968FF6-D396-4F6A-9159-933CDB67D28C}.Debug|Any CPU.ActiveCfg = Debug|Any CPU
		{D3968FF6-D396-4F6A-9159-933CDB67D28C}.Debug|Any CPU.Build.0 = Debug|Any CPU
		{D3968FF6-D396-4F6A-9159-933CDB67D28C}.Debug|Mixed Platforms.ActiveCfg = Debug|Any CPU
		{D3968FF6-D396-4F6A-9159-933CDB67D28C}.Debug|Mixed Platforms.Build.0 = Debug|Any CPU
		{D3968FF6-D396-4F6A-9159-933CDB67D28C}.Debug|x86.ActiveCfg = Debug|Any CPU
		{D3968FF6-D396-4F6A-9159-933CDB67D28C}.Release|Any CPU.ActiveCfg = Release|Any CPU
		{D3968FF6-D396-4F6A-9159-933CDB67D28C}.Release|Any CPU.Build.0 = Release|Any CPU
		{D3968FF6-D396-4F6A-9159-933CDB67D28C}.Release|Mixed Platforms.ActiveCfg = Release|Any CPU
		{D3968FF6-D396-4F6A-9159-933CDB67D28C}.Release|Mixed Platforms.Build.0 = Release|Any CPU
		{D3968FF6-D396-4F6A-9159-933CDB67D28C}.Release|x86.ActiveCfg = Release|Any CPU
		{B761DE66-D63C-41EA-B6B2-000D63C8453D}.Debug|Any CPU.ActiveCfg = Debug|Any CPU
		{B761DE66-D63C-41EA-B6B2-000D63C8453D}.Debug|Any CPU.Build.0 = Debug|Any CPU
		{B761DE66-D63C-41EA-B6B2-000D63C8453D}.Debug|Mixed Platforms.ActiveCfg = Debug|Any CPU
		{B761DE66-D63C-41EA-B6B2-000D63C8453D}.Debug|Mixed Platforms.Build.0 = Debug|Any CPU
		{B761DE66-D63C-41EA-B6B2-000D63C8453D}.Debug|x86.ActiveCfg = Debug|Any CPU
		{B761DE66-D63C-41EA-B6B2-000D63C8453D}.Release|Any CPU.ActiveCfg = Release|Any CPU
		{B761DE66-D63C-41EA-B6B2-000D63C8453D}.Release|Any CPU.Build.0 = Release|Any CPU
		{B761DE66-D63C-41EA-B6B2-000D63C8453D}.Release|Mixed Platforms.ActiveCfg = Release|Any CPU
		{B761DE66-D63C-41EA-B6B2-000D63C8453D}.Release|Mixed Platforms.Build.0 = Release|Any CPU
		{B761DE66-D63C-41EA-B6B2-000D63C8453D}.Release|x86.ActiveCfg = Release|Any CPU
		{364A4151-7636-4912-B73B-95594D86A56F}.Debug|Any CPU.ActiveCfg = Debug|Any CPU
		{364A4151-7636-4912-B73B-95594D86A56F}.Debug|Any CPU.Build.0 = Debug|Any CPU
		{364A4151-7636-4912-B73B-95594D86A56F}.Debug|Mixed Platforms.ActiveCfg = Debug|Any CPU
		{364A4151-7636-4912-B73B-95594D86A56F}.Debug|Mixed Platforms.Build.0 = Debug|Any CPU
		{364A4151-7636-4912-B73B-95594D86A56F}.Debug|x86.ActiveCfg = Debug|Any CPU
		{364A4151-7636-4912-B73B-95594D86A56F}.Release|Any CPU.ActiveCfg = Release|Any CPU
		{364A4151-7636-4912-B73B-95594D86A56F}.Release|Any CPU.Build.0 = Release|Any CPU
		{364A4151-7636-4912-B73B-95594D86A56F}.Release|Mixed Platforms.ActiveCfg = Release|Any CPU
		{364A4151-7636-4912-B73B-95594D86A56F}.Release|Mixed Platforms.Build.0 = Release|Any CPU
		{364A4151-7636-4912-B73B-95594D86A56F}.Release|x86.ActiveCfg = Release|Any CPU
		{BE6D6375-F8CC-4BA4-86F0-3FEC263B7E12}.Debug|Any CPU.ActiveCfg = Debug|Any CPU
		{BE6D6375-F8CC-4BA4-86F0-3FEC263B7E12}.Debug|Any CPU.Build.0 = Debug|Any CPU
		{BE6D6375-F8CC-4BA4-86F0-3FEC263B7E12}.Debug|Mixed Platforms.ActiveCfg = Debug|Any CPU
		{BE6D6375-F8CC-4BA4-86F0-3FEC263B7E12}.Debug|Mixed Platforms.Build.0 = Debug|Any CPU
		{BE6D6375-F8CC-4BA4-86F0-3FEC263B7E12}.Debug|x86.ActiveCfg = Debug|Any CPU
		{BE6D6375-F8CC-4BA4-86F0-3FEC263B7E12}.Release|Any CPU.ActiveCfg = Release|Any CPU
		{BE6D6375-F8CC-4BA4-86F0-3FEC263B7E12}.Release|Any CPU.Build.0 = Release|Any CPU
		{BE6D6375-F8CC-4BA4-86F0-3FEC263B7E12}.Release|Mixed Platforms.ActiveCfg = Release|Any CPU
		{BE6D6375-F8CC-4BA4-86F0-3FEC263B7E12}.Release|Mixed Platforms.Build.0 = Release|Any CPU
		{BE6D6375-F8CC-4BA4-86F0-3FEC263B7E12}.Release|x86.ActiveCfg = Release|Any CPU
		{67CBC824-A49E-4E9B-A947-360F3DFE65C3}.Debug|Any CPU.ActiveCfg = Debug|Any CPU
		{67CBC824-A49E-4E9B-A947-360F3DFE65C3}.Debug|Any CPU.Build.0 = Debug|Any CPU
		{67CBC824-A49E-4E9B-A947-360F3DFE65C3}.Debug|Any CPU.Deploy.0 = Debug|Any CPU
		{67CBC824-A49E-4E9B-A947-360F3DFE65C3}.Debug|Mixed Platforms.ActiveCfg = Debug|Any CPU
		{67CBC824-A49E-4E9B-A947-360F3DFE65C3}.Debug|Mixed Platforms.Build.0 = Debug|Any CPU
		{67CBC824-A49E-4E9B-A947-360F3DFE65C3}.Debug|Mixed Platforms.Deploy.0 = Debug|Any CPU
		{67CBC824-A49E-4E9B-A947-360F3DFE65C3}.Debug|x86.ActiveCfg = Debug|Any CPU
		{67CBC824-A49E-4E9B-A947-360F3DFE65C3}.Release|Any CPU.ActiveCfg = Release|Any CPU
		{67CBC824-A49E-4E9B-A947-360F3DFE65C3}.Release|Any CPU.Build.0 = Release|Any CPU
		{67CBC824-A49E-4E9B-A947-360F3DFE65C3}.Release|Any CPU.Deploy.0 = Release|Any CPU
		{67CBC824-A49E-4E9B-A947-360F3DFE65C3}.Release|Mixed Platforms.ActiveCfg = Release|Any CPU
		{67CBC824-A49E-4E9B-A947-360F3DFE65C3}.Release|Mixed Platforms.Build.0 = Release|Any CPU
		{67CBC824-A49E-4E9B-A947-360F3DFE65C3}.Release|Mixed Platforms.Deploy.0 = Release|Any CPU
		{67CBC824-A49E-4E9B-A947-360F3DFE65C3}.Release|x86.ActiveCfg = Release|Any CPU
		{6A0DD250-D2B5-49AA-B6D7-3A8714FEFCA0}.Debug|Any CPU.ActiveCfg = Debug|Any CPU
		{6A0DD250-D2B5-49AA-B6D7-3A8714FEFCA0}.Debug|Any CPU.Build.0 = Debug|Any CPU
		{6A0DD250-D2B5-49AA-B6D7-3A8714FEFCA0}.Debug|Mixed Platforms.ActiveCfg = Debug|Any CPU
		{6A0DD250-D2B5-49AA-B6D7-3A8714FEFCA0}.Debug|Mixed Platforms.Build.0 = Debug|Any CPU
		{6A0DD250-D2B5-49AA-B6D7-3A8714FEFCA0}.Debug|x86.ActiveCfg = Debug|Any CPU
		{6A0DD250-D2B5-49AA-B6D7-3A8714FEFCA0}.Release|Any CPU.ActiveCfg = Release|Any CPU
		{6A0DD250-D2B5-49AA-B6D7-3A8714FEFCA0}.Release|Any CPU.Build.0 = Release|Any CPU
		{6A0DD250-D2B5-49AA-B6D7-3A8714FEFCA0}.Release|Mixed Platforms.ActiveCfg = Release|Any CPU
		{6A0DD250-D2B5-49AA-B6D7-3A8714FEFCA0}.Release|Mixed Platforms.Build.0 = Release|Any CPU
		{6A0DD250-D2B5-49AA-B6D7-3A8714FEFCA0}.Release|x86.ActiveCfg = Release|Any CPU
		{F3B55378-3ED6-4E89-A76E-D71F01C8FFD4}.Debug|Any CPU.ActiveCfg = Debug|x86
		{F3B55378-3ED6-4E89-A76E-D71F01C8FFD4}.Debug|Mixed Platforms.ActiveCfg = Debug|x86
		{F3B55378-3ED6-4E89-A76E-D71F01C8FFD4}.Debug|Mixed Platforms.Build.0 = Debug|x86
		{F3B55378-3ED6-4E89-A76E-D71F01C8FFD4}.Debug|x86.ActiveCfg = Debug|x86
		{F3B55378-3ED6-4E89-A76E-D71F01C8FFD4}.Debug|x86.Build.0 = Debug|x86
		{F3B55378-3ED6-4E89-A76E-D71F01C8FFD4}.Release|Any CPU.ActiveCfg = Release|x86
		{F3B55378-3ED6-4E89-A76E-D71F01C8FFD4}.Release|Mixed Platforms.ActiveCfg = Release|x86
		{F3B55378-3ED6-4E89-A76E-D71F01C8FFD4}.Release|Mixed Platforms.Build.0 = Release|x86
		{F3B55378-3ED6-4E89-A76E-D71F01C8FFD4}.Release|x86.ActiveCfg = Release|x86
		{F3B55378-3ED6-4E89-A76E-D71F01C8FFD4}.Release|x86.Build.0 = Release|x86
		{82C9E700-7087-4FD1-AA7D-0BD9C11B7E10}.Debug|Any CPU.ActiveCfg = Debug|x86
		{82C9E700-7087-4FD1-AA7D-0BD9C11B7E10}.Debug|Mixed Platforms.ActiveCfg = Debug|x86
		{82C9E700-7087-4FD1-AA7D-0BD9C11B7E10}.Debug|Mixed Platforms.Build.0 = Debug|x86
		{82C9E700-7087-4FD1-AA7D-0BD9C11B7E10}.Debug|x86.ActiveCfg = Debug|x86
		{82C9E700-7087-4FD1-AA7D-0BD9C11B7E10}.Debug|x86.Build.0 = Debug|x86
		{82C9E700-7087-4FD1-AA7D-0BD9C11B7E10}.Release|Any CPU.ActiveCfg = Release|x86
		{82C9E700-7087-4FD1-AA7D-0BD9C11B7E10}.Release|Mixed Platforms.ActiveCfg = Release|x86
		{82C9E700-7087-4FD1-AA7D-0BD9C11B7E10}.Release|Mixed Platforms.Build.0 = Release|x86
		{82C9E700-7087-4FD1-AA7D-0BD9C11B7E10}.Release|x86.ActiveCfg = Release|x86
		{82C9E700-7087-4FD1-AA7D-0BD9C11B7E10}.Release|x86.Build.0 = Release|x86
		{577F5A96-297F-4F23-8B82-DE4CBA349CB8}.Debug|Any CPU.ActiveCfg = Debug|Any CPU
		{577F5A96-297F-4F23-8B82-DE4CBA349CB8}.Debug|Any CPU.Build.0 = Debug|Any CPU
		{577F5A96-297F-4F23-8B82-DE4CBA349CB8}.Debug|Mixed Platforms.ActiveCfg = Debug|Any CPU
		{577F5A96-297F-4F23-8B82-DE4CBA349CB8}.Debug|Mixed Platforms.Build.0 = Debug|Any CPU
		{577F5A96-297F-4F23-8B82-DE4CBA349CB8}.Debug|x86.ActiveCfg = Debug|Any CPU
		{577F5A96-297F-4F23-8B82-DE4CBA349CB8}.Release|Any CPU.ActiveCfg = Release|Any CPU
		{577F5A96-297F-4F23-8B82-DE4CBA349CB8}.Release|Any CPU.Build.0 = Release|Any CPU
		{577F5A96-297F-4F23-8B82-DE4CBA349CB8}.Release|Mixed Platforms.ActiveCfg = Release|Any CPU
		{577F5A96-297F-4F23-8B82-DE4CBA349CB8}.Release|Mixed Platforms.Build.0 = Release|Any CPU
		{577F5A96-297F-4F23-8B82-DE4CBA349CB8}.Release|x86.ActiveCfg = Release|Any CPU
	EndGlobalSection
	GlobalSection(SolutionProperties) = preSolution
		HideSolutionNode = FALSE
	EndGlobalSection
	GlobalSection(NestedProjects) = preSolution
		{364A4151-7636-4912-B73B-95594D86A56F} = {3C0DE4D3-6132-4F1F-924B-90F61481854F}
		{67CBC824-A49E-4E9B-A947-360F3DFE65C3} = {DB0F19B0-8FA6-46CD-A37C-04AD717CCB37}
		{D3968FF6-D396-4F6A-9159-933CDB67D28C} = {D6D84F62-DAB7-4D09-8A58-BDA730FCF498}
		{BE6D6375-F8CC-4BA4-86F0-3FEC263B7E12} = {6CF02858-4F6E-4F90-BA3D-DD19EA19C9E1}
		{6A0DD250-D2B5-49AA-B6D7-3A8714FEFCA0} = {AB6132DC-2051-43F1-B7D2-017EF1EA00E9}
		{F3B55378-3ED6-4E89-A76E-D71F01C8FFD4} = {AB6132DC-2051-43F1-B7D2-017EF1EA00E9}
		{82C9E700-7087-4FD1-AA7D-0BD9C11B7E10} = {AB6132DC-2051-43F1-B7D2-017EF1EA00E9}
		{577F5A96-297F-4F23-8B82-DE4CBA349CB8} = {AB6132DC-2051-43F1-B7D2-017EF1EA00E9}
	EndGlobalSection
EndGlobal
