
Microsoft Visual Studio Solution File, Format Version 10.00
# Visual Studio 2008
Project("{D2ABAB84-BF74-430A-B69E-9DC6D40DDA17}") = "AdventureWorkDecisionTreeDemo", "AdventureWorkDecisionTreeDemo\AdventureWorkDecisionTreeDemo.dwproj", "{33D44937-953D-451E-9C9E-2FDFE4B1F768}"
EndProject
Global
	GlobalSection(SolutionConfigurationPlatforms) = preSolution
		Development|Default = Development|Default
	EndGlobalSection
	GlobalSection(ProjectConfigurationPlatforms) = postSolution
		{33D44937-953D-451E-9C9E-2FDFE4B1F768}.Development|Default.ActiveCfg = Development
		{33D44937-953D-451E-9C9E-2FDFE4B1F768}.Development|Default.Build.0 = Development
		{33D44937-953D-451E-9C9E-2FDFE4B1F768}.Development|Default.Deploy.0 = Development
	EndGlobalSection
	GlobalSection(SolutionProperties) = preSolution
		HideSolutionNode = FALSE
	EndGlobalSection
EndGlobal
